Microsoft Visual Studio Solution File, Format Version 12.00
# Visual Studio Version 17
VisualStudioVersion = 17.5.2.0
MinimumVisualStudioVersion = 10.0.40219.1
Project("{FAE04EC0-301F-11D3-BF4B-00C04F79EFBC}") = "speech-eng-functions", "speech-eng-functions.csproj", "{115C5391-9471-3C7C-D9A9-37F9AC127188}"
EndProject
Global
	GlobalSection(SolutionConfigurationPlatforms) = preSolution
		Debug|Any CPU = Debug|Any CPU
		Release|Any CPU = Release|Any CPU
	EndGlobalSection
	GlobalSection(ProjectConfigurationPlatforms) = postSolution
		{115C5391-9471-3C7C-D9A9-37F9AC127188}.Debug|Any CPU.ActiveCfg = Debug|Any CPU
		{115C5391-9471-3C7C-D9A9-37F9AC127188}.Debug|Any CPU.Build.0 = Debug|Any CPU
		{115C5391-9471-3C7C-D9A9-37F9AC127188}.Release|Any CPU.ActiveCfg = Release|Any CPU
		{115C5391-9471-3C7C-D9A9-37F9AC127188}.Release|Any CPU.Build.0 = Release|Any CPU
	EndGlobalSection
	GlobalSection(SolutionProperties) = preSolution
		HideSolutionNode = FALSE
	EndGlobalSection
	GlobalSection(ExtensibilityGlobals) = postSolution
		SolutionGuid = {E13F2230-B5D2-4F91-B4F2-1B3645F5D603}
	EndGlobalSection
EndGlobal
